
Microsoft Visual Studio Solution File, Format Version 12.00
# Visual Studio 15
VisualStudioVersion = 15.0.27130.2024
MinimumVisualStudioVersion = 10.0.40219.1
Project("{FAE04EC0-301F-11D3-BF4B-00C04F79EFBC}") = "Net.Core", "Net.Core\Net.Core.csproj", "{4D374D6C-0080-4821-8C9D-2E59E3339A76}"
EndProject
Global
	GlobalSection(SolutionConfigurationPlatforms) = preSolution
		Debug|Any CPU = Debug|Any CPU
		Release|Any CPU = Release|Any CPU
	EndGlobalSection
	GlobalSection(ProjectConfigurationPlatforms) = postSolution
		{4D374D6C-0080-4821-8C9D-2E59E3339A76}.Debug|Any CPU.ActiveCfg = Debug|Any CPU
		{4D374D6C-0080-4821-8C9D-2E59E3339A76}.Debug|Any CPU.Build.0 = Debug|Any CPU
		{4D374D6C-0080-4821-8C9D-2E59E3339A76}.Release|Any CPU.ActiveCfg = Release|Any CPU
		{4D374D6C-0080-4821-8C9D-2E59E3339A76}.Release|Any CPU.Build.0 = Release|Any CPU
	EndGlobalSection
	GlobalSection(SolutionProperties) = preSolution
		HideSolutionNode = FALSE
	EndGlobalSection
	GlobalSection(ExtensibilityGlobals) = postSolution
		SolutionGuid = {9CA9A785-0047-4F63-997E-ED9F2F05E4B7}
	EndGlobalSection
EndGlobal
