
Microsoft Visual Studio Solution File, Format Version 12.00
# Visual Studio 15
VisualStudioVersion = 15.0.27130.2024
MinimumVisualStudioVersion = 10.0.40219.1
Project("{FAE04EC0-301F-11D3-BF4B-00C04F79EFBC}") = "Net.Core", "Net.Core\Net.Core.csproj", "{4D374D6C-0080-4821-8C9D-2E59E3339A76}"
EndProject
Project("{FAE04EC0-301F-11D3-BF4B-00C04F79EFBC}") = "EF.CoreLibrary", "EF.CoreLibrary\EF.CoreLibrary.csproj", "{98967CEE-A28A-455E-BE5A-F750A08F5FBC}"
EndProject
Project("{2150E333-8FDC-42A3-9474-1A3956D46DE8}") = "EF", "EF", "{28BA8BFC-F31A-4C71-AF99-5DA1E1A967E6}"
EndProject
Project("{2150E333-8FDC-42A3-9474-1A3956D46DE8}") = "ABP", "ABP", "{D1C736FF-4017-4804-B132-7E71D4ABCCDD}"
EndProject
Project("{2150E333-8FDC-42A3-9474-1A3956D46DE8}") = "ServiceStack.OrmLite", "ServiceStack.OrmLite", "{35377848-68FA-4A00-BFFF-DBBFE2B0A8F3}"
EndProject
Project("{FAE04EC0-301F-11D3-BF4B-00C04F79EFBC}") = "IChipo.Entity", "IChipo.Entity\IChipo.Entity.csproj", "{ABCCB33D-1F8A-42BF-9814-C223BCC79AFE}"
EndProject
Project("{FAE04EC0-301F-11D3-BF4B-00C04F79EFBC}") = "IChipo.Repository.EF", "IChipo.Repository.EF\IChipo.Repository.EF.csproj", "{735AE677-9EC6-41F9-9FF7-FE6E23583DE9}"
EndProject
Project("{FAE04EC0-301F-11D3-BF4B-00C04F79EFBC}") = "IChipo.Service.Contract", "IChipo.Service.Contract\IChipo.Service.Contract.csproj", "{CA59542C-8CFA-45E7-A16B-F3347C538CD8}"
EndProject
Project("{FAE04EC0-301F-11D3-BF4B-00C04F79EFBC}") = "IChipo.Service", "IChipo.Service\IChipo.Service.csproj", "{F582E3F9-B36D-46FA-BC45-DC0FE9F64A2E}"
EndProject
Global
	GlobalSection(SolutionConfigurationPlatforms) = preSolution
		Debug|Any CPU = Debug|Any CPU
		Release|Any CPU = Release|Any CPU
	EndGlobalSection
	GlobalSection(ProjectConfigurationPlatforms) = postSolution
		{4D374D6C-0080-4821-8C9D-2E59E3339A76}.Debug|Any CPU.ActiveCfg = Debug|Any CPU
		{4D374D6C-0080-4821-8C9D-2E59E3339A76}.Debug|Any CPU.Build.0 = Debug|Any CPU
		{4D374D6C-0080-4821-8C9D-2E59E3339A76}.Release|Any CPU.ActiveCfg = Release|Any CPU
		{4D374D6C-0080-4821-8C9D-2E59E3339A76}.Release|Any CPU.Build.0 = Release|Any CPU
		{98967CEE-A28A-455E-BE5A-F750A08F5FBC}.Debug|Any CPU.ActiveCfg = Debug|Any CPU
		{98967CEE-A28A-455E-BE5A-F750A08F5FBC}.Debug|Any CPU.Build.0 = Debug|Any CPU
		{98967CEE-A28A-455E-BE5A-F750A08F5FBC}.Release|Any CPU.ActiveCfg = Release|Any CPU
		{98967CEE-A28A-455E-BE5A-F750A08F5FBC}.Release|Any CPU.Build.0 = Release|Any CPU
		{ABCCB33D-1F8A-42BF-9814-C223BCC79AFE}.Debug|Any CPU.ActiveCfg = Debug|Any CPU
		{ABCCB33D-1F8A-42BF-9814-C223BCC79AFE}.Debug|Any CPU.Build.0 = Debug|Any CPU
		{ABCCB33D-1F8A-42BF-9814-C223BCC79AFE}.Release|Any CPU.ActiveCfg = Release|Any CPU
		{ABCCB33D-1F8A-42BF-9814-C223BCC79AFE}.Release|Any CPU.Build.0 = Release|Any CPU
		{735AE677-9EC6-41F9-9FF7-FE6E23583DE9}.Debug|Any CPU.ActiveCfg = Debug|Any CPU
		{735AE677-9EC6-41F9-9FF7-FE6E23583DE9}.Debug|Any CPU.Build.0 = Debug|Any CPU
		{735AE677-9EC6-41F9-9FF7-FE6E23583DE9}.Release|Any CPU.ActiveCfg = Release|Any CPU
		{735AE677-9EC6-41F9-9FF7-FE6E23583DE9}.Release|Any CPU.Build.0 = Release|Any CPU
		{CA59542C-8CFA-45E7-A16B-F3347C538CD8}.Debug|Any CPU.ActiveCfg = Debug|Any CPU
		{CA59542C-8CFA-45E7-A16B-F3347C538CD8}.Debug|Any CPU.Build.0 = Debug|Any CPU
		{CA59542C-8CFA-45E7-A16B-F3347C538CD8}.Release|Any CPU.ActiveCfg = Release|Any CPU
		{CA59542C-8CFA-45E7-A16B-F3347C538CD8}.Release|Any CPU.Build.0 = Release|Any CPU
		{F582E3F9-B36D-46FA-BC45-DC0FE9F64A2E}.Debug|Any CPU.ActiveCfg = Debug|Any CPU
		{F582E3F9-B36D-46FA-BC45-DC0FE9F64A2E}.Debug|Any CPU.Build.0 = Debug|Any CPU
		{F582E3F9-B36D-46FA-BC45-DC0FE9F64A2E}.Release|Any CPU.ActiveCfg = Release|Any CPU
		{F582E3F9-B36D-46FA-BC45-DC0FE9F64A2E}.Release|Any CPU.Build.0 = Release|Any CPU
	EndGlobalSection
	GlobalSection(SolutionProperties) = preSolution
		HideSolutionNode = FALSE
	EndGlobalSection
	GlobalSection(NestedProjects) = preSolution
		{98967CEE-A28A-455E-BE5A-F750A08F5FBC} = {28BA8BFC-F31A-4C71-AF99-5DA1E1A967E6}
	EndGlobalSection
	GlobalSection(ExtensibilityGlobals) = postSolution
		SolutionGuid = {9CA9A785-0047-4F63-997E-ED9F2F05E4B7}
	EndGlobalSection
EndGlobal
